<?xml version="1.0" encoding="utf-8"?>
<Project ToolsVersion="4.0" xmlns="http://schemas.microsoft.com/developer/msbuild/2003">
  <ItemGroup>
    <Filter Include="PDE">
      <UniqueIdentifier>{19f28c2a-db12-4f5a-ab55-bb20aa99da5a}</UniqueIdentifier>
    </Filter>
    <Filter Include="PDETest">
      <UniqueIdentifier>{dc7c55af-71de-4248-ba1c-d21aace2461a}</UniqueIdentifier>
    </Filter>
    <Filter Include="PDETest\Core">
      <UniqueIdentifier>{db7f54fa-e0a7-40d0-ac16-63bc99dc97c4}</UniqueIdentifier>
    </Filter>
    <Filter Include="PDE\Compiler">
      <UniqueIdentifier>{858814c4-8cec-43db-9da0-5e9a46135505}</UniqueIdentifier>
    </Filter>
    <Filter Include="PDE\Debug">
      <UniqueIdentifier>{4a0233de-cc9a-4be6-ba06-803ffa502c7b}</UniqueIdentifier>
    </Filter>
    <Filter Include="PDE\Ephemerides">
      <UniqueIdentifier>{cd8e2356-e12c-4278-9d2c-f914f9963faa}</UniqueIdentifier>
    </Filter>
    <Filter Include="PDE\Hardware">
      <UniqueIdentifier>{225d42f5-51db-4341-aef0-e6b1740592ed}</UniqueIdentifier>
    </Filter>
    <Filter Include="PDE\Image">
      <UniqueIdentifier>{f9a15679-9928-401c-b75a-54735950ab1d}</UniqueIdentifier>
    </Filter>
    <Filter Include="PDE\Maths">
      <UniqueIdentifier>{eb39e666-2455-4489-b14d-2325061e7e4a}</UniqueIdentifier>
    </Filter>
    <Filter Include="PDE\Platform">
      <UniqueIdentifier>{e197c8fd-6f0b-4d42-bd7e-d178d5020650}</UniqueIdentifier>
    </Filter>
    <Filter Include="PDE\Time">
      <UniqueIdentifier>{8261dd04-b3ea-456a-8e97-6895893d749c}</UniqueIdentifier>
    </Filter>
    <Filter Include="PDE\Ephemerides\Jupiter">
      <UniqueIdentifier>{370c4a94-71a7-4171-9729-9a88005c9987}</UniqueIdentifier>
    </Filter>
    <Filter Include="PDE\Ephemerides\Saturn">
      <UniqueIdentifier>{7632db82-e83a-49e5-a65a-d6950f5f80fb}</UniqueIdentifier>
    </Filter>
    <Filter Include="PDETest\Test">
      <UniqueIdentifier>{b8d63dce-2d5d-4778-acea-63d0ae3502fa}</UniqueIdentifier>
    </Filter>
    <Filter Include="PDETest\Test\Ephemerides">
      <UniqueIdentifier>{756106ca-f3a0-4076-8b2f-0faaae436018}</UniqueIdentifier>
    </Filter>
    <Filter Include="PDE\Ephemerides\Uranus">
      <UniqueIdentifier>{c2e870d7-4d2f-4ebc-8ac8-20106ae72045}</UniqueIdentifier>
    </Filter>
    <Filter Include="PDE\Ephemerides\Neptune">
      <UniqueIdentifier>{ac6677cc-c1a3-4809-8c37-bdc652cce9ea}</UniqueIdentifier>
    </Filter>
    <Filter Include="PDE\Ephemerides\Earth">
      <UniqueIdentifier>{c6648b13-31a5-4e59-92f6-420f711de0d7}</UniqueIdentifier>
    </Filter>
    <Filter Include="PDE\Ephemerides\Mars">
      <UniqueIdentifier>{d57d3ab1-6d16-4bb9-95cd-9ac1c49f40cb}</UniqueIdentifier>
    </Filter>
    <Filter Include="PDE\Ephemerides\Mercury">
      <UniqueIdentifier>{b44ef408-86d5-45f0-b482-ec96105455b6}</UniqueIdentifier>
    </Filter>
    <Filter Include="PDE\Ephemerides\Venus">
      <UniqueIdentifier>{b678d5ce-8527-4918-bb20-ffba4a2296c4}</UniqueIdentifier>
    </Filter>
    <Filter Include="PDE\Ephemerides\Sun">
      <UniqueIdentifier>{12cf4194-36bf-4bae-b4c9-6cb9a13170c3}</UniqueIdentifier>
    </Filter>
  </ItemGroup>
  <ItemGroup>
    <ClCompile Include="..\Code\Core\EntryPoint.cpp">
      <Filter>PDETest\Core</Filter>
    </ClCompile>
    <ClCompile Include="..\..\PDE\Image\Image.cpp">
      <Filter>PDE\Image</Filter>
    </ClCompile>
    <ClCompile Include="..\..\PDE\Image\Image_LoadFromCompressedVoyagerData.cpp">
      <Filter>PDE\Image</Filter>
    </ClCompile>
    <ClCompile Include="..\..\PDE\Image\Image_Save.cpp">
      <Filter>PDE\Image</Filter>
    </ClCompile>
    <ClCompile Include="..\..\PDE\Ephemerides\Jupiter\JupiterSchlyterModel.cpp">
      <Filter>PDE\Ephemerides\Jupiter</Filter>
    </ClCompile>
    <ClCompile Include="..\..\PDE\Ephemerides\Saturn\SaturnSchlyterModel.cpp">
      <Filter>PDE\Ephemerides\Saturn</Filter>
    </ClCompile>
    <ClCompile Include="..\Code\Test\Test.cpp">
      <Filter>PDETest\Test</Filter>
    </ClCompile>
    <ClCompile Include="..\Code\Test\Ephemerides\Test_JupiterPosition.cpp">
      <Filter>PDETest\Test\Ephemerides</Filter>
    </ClCompile>
    <ClCompile Include="..\Code\Test\Ephemerides\Test_SaturnPosition.cpp">
      <Filter>PDETest\Test\Ephemerides</Filter>
    </ClCompile>
    <ClCompile Include="..\..\PDE\Ephemerides\Jupiter\JupiterVSOP87Model.cpp">
      <Filter>PDE\Ephemerides\Jupiter</Filter>
    </ClCompile>
    <ClCompile Include="..\..\PDE\Ephemerides\Neptune\NeptuneSchlyterModel.cpp">
      <Filter>PDE\Ephemerides\Neptune</Filter>
    </ClCompile>
    <ClCompile Include="..\..\PDE\Ephemerides\Uranus\UranusSchlyterModel.cpp">
      <Filter>PDE\Ephemerides\Uranus</Filter>
    </ClCompile>
    <ClCompile Include="..\..\PDE\Ephemerides\Venus\VenusSchlyterModel.cpp">
      <Filter>PDE\Ephemerides\Venus</Filter>
    </ClCompile>
    <ClCompile Include="..\..\PDE\Ephemerides\Mars\MarsSchlyterModel.cpp">
      <Filter>PDE\Ephemerides\Mars</Filter>
    </ClCompile>
    <ClCompile Include="..\..\PDE\Ephemerides\Earth\EarthSchlyterModel.cpp">
      <Filter>PDE\Ephemerides\Earth</Filter>
    </ClCompile>
    <ClCompile Include="..\..\PDE\Ephemerides\Mercury\MercurySchlyterModel.cpp">
      <Filter>PDE\Ephemerides\Mercury</Filter>
    </ClCompile>
    <ClCompile Include="..\Code\Test\Ephemerides\Test_UranusPosition.cpp">
      <Filter>PDETest\Test\Ephemerides</Filter>
    </ClCompile>
    <ClCompile Include="..\..\PDE\Ephemerides\Saturn\SaturnVSOP87Model.cpp">
      <Filter>PDE\Ephemerides\Saturn</Filter>
    </ClCompile>
    <ClCompile Include="..\Code\Test\Ephemerides\Test_NeptunePosition.cpp">
      <Filter>PDETest\Test\Ephemerides</Filter>
    </ClCompile>
    <ClCompile Include="..\..\PDE\Ephemerides\Uranus\UranusVSOP87Model.cpp">
      <Filter>PDE\Ephemerides\Uranus</Filter>
    </ClCompile>
    <ClCompile Include="..\Code\Test\Ephemerides\Test_EarthPosition.cpp">
      <Filter>PDETest\Test\Ephemerides</Filter>
    </ClCompile>
    <ClCompile Include="..\..\PDE\Ephemerides\Sun\SunVSOP87Model.cpp">
      <Filter>PDE\Ephemerides\Sun</Filter>
    </ClCompile>
    <ClCompile Include="..\..\PDE\Ephemerides\VSOP87Orbit.cpp">
      <Filter>PDE\Ephemerides</Filter>
    </ClCompile>
    <ClCompile Include="..\Code\Test\Ephemerides\Test_SunPosition.cpp">
      <Filter>PDETest\Test\Ephemerides</Filter>
    </ClCompile>
    <ClCompile Include="..\Code\Test\Ephemerides\Test_MercuryPosition.cpp">
      <Filter>PDETest\Test\Ephemerides</Filter>
    </ClCompile>
    <ClCompile Include="..\..\PDE\Ephemerides\Neptune\NeptuneVSOP87Model.cpp">
      <Filter>PDE\Ephemerides\Neptune</Filter>
    </ClCompile>
    <ClCompile Include="..\..\PDE\Time\ProfileTimer.cpp">
      <Filter>PDE\Time</Filter>
    </ClCompile>
    <ClCompile Include="..\..\PDE\Maths\PDEMaths.cpp">
      <Filter>PDE\Maths</Filter>
    </ClCompile>
    <ClCompile Include="..\..\PDE\Maths\PDEVector.cpp">
      <Filter>PDE\Maths</Filter>
    </ClCompile>
    <ClCompile Include="..\..\PDE\Debug\PDEAssertWin.cpp">
      <Filter>PDE\Debug</Filter>
    </ClCompile>
    <ClCompile Include="..\..\PDE\Debug\PDETraceWin.cpp">
      <Filter>PDE\Debug</Filter>
    </ClCompile>
  </ItemGroup>
  <ItemGroup>
    <ClInclude Include="..\..\PDE\Compiler\Compiler.h">
      <Filter>PDE\Compiler</Filter>
    </ClInclude>
    <ClInclude Include="..\..\PDE\Debug\Breakpoint.h">
      <Filter>PDE\Debug</Filter>
    </ClInclude>
    <ClInclude Include="..\..\PDE\Hardware\CPU.h">
      <Filter>PDE\Hardware</Filter>
    </ClInclude>
    <ClInclude Include="..\..\PDE\Image\Image.h">
      <Filter>PDE\Image</Filter>
    </ClInclude>
    <ClInclude Include="..\..\PDE\Maths\DPVector.h">
      <Filter>PDE\Maths</Filter>
    </ClInclude>
    <ClInclude Include="..\..\PDE\Platform\Platform.h">
      <Filter>PDE\Platform</Filter>
    </ClInclude>
    <ClInclude Include="..\..\PDE\Time\J2000.h">
      <Filter>PDE\Time</Filter>
    </ClInclude>
    <ClInclude Include="..\..\PDE\Ephemerides\KeplerOrbit.h">
      <Filter>PDE\Ephemerides</Filter>
    </ClInclude>
    <ClInclude Include="..\..\PDE\Ephemerides\OrbitalEphemeris.h">
      <Filter>PDE\Ephemerides</Filter>
    </ClInclude>
    <ClInclude Include="..\..\PDE\Ephemerides\PeturbedKeplerOrbit.h">
      <Filter>PDE\Ephemerides</Filter>
    </ClInclude>
    <ClInclude Include="..\..\PDE\Ephemerides\Jupiter\JupiterSchlyterModel.h">
      <Filter>PDE\Ephemerides\Jupiter</Filter>
    </ClInclude>
    <ClInclude Include="..\..\PDE\Ephemerides\Saturn\SaturnSchlyterModel.h">
      <Filter>PDE\Ephemerides\Saturn</Filter>
    </ClInclude>
    <ClInclude Include="..\..\PDE\Ephemerides\PrecessingKeplerOrbit.h">
      <Filter>PDE\Ephemerides</Filter>
    </ClInclude>
    <ClInclude Include="..\Code\Test\Test.h">
      <Filter>PDETest\Test</Filter>
    </ClInclude>
    <ClInclude Include="..\Code\Test\Ephemerides\Test_JupiterPosition.h">
      <Filter>PDETest\Test\Ephemerides</Filter>
    </ClInclude>
    <ClInclude Include="..\Code\Test\Ephemerides\Test_SaturnPosition.h">
      <Filter>PDETest\Test\Ephemerides</Filter>
    </ClInclude>
    <ClInclude Include="..\..\PDE\Ephemerides\Jupiter\JupiterVSOP87Model.h">
      <Filter>PDE\Ephemerides\Jupiter</Filter>
    </ClInclude>
    <ClInclude Include="..\..\PDE\Ephemerides\VSOP87Orbit.h">
      <Filter>PDE\Ephemerides</Filter>
    </ClInclude>
    <ClInclude Include="..\Code\Test\Ephemerides\Test_Position.h">
      <Filter>PDETest\Test\Ephemerides</Filter>
    </ClInclude>
    <ClInclude Include="..\..\PDE\Ephemerides\Neptune\NeptuneSchlyterModel.h">
      <Filter>PDE\Ephemerides\Neptune</Filter>
    </ClInclude>
    <ClInclude Include="..\..\PDE\Ephemerides\Uranus\UranusSchlyterModel.h">
      <Filter>PDE\Ephemerides\Uranus</Filter>
    </ClInclude>
    <ClInclude Include="..\..\PDE\Ephemerides\Venus\VenusSchlyterModel.h">
      <Filter>PDE\Ephemerides\Venus</Filter>
    </ClInclude>
    <ClInclude Include="..\..\PDE\Ephemerides\Mars\MarsSchlyterModel.h">
      <Filter>PDE\Ephemerides\Mars</Filter>
    </ClInclude>
    <ClInclude Include="..\..\PDE\Ephemerides\Earth\EarthSchlyterModel.h">
      <Filter>PDE\Ephemerides\Earth</Filter>
    </ClInclude>
    <ClInclude Include="..\..\PDE\Ephemerides\Mercury\MercurySchlyterModel.h">
      <Filter>PDE\Ephemerides\Mercury</Filter>
    </ClInclude>
    <ClInclude Include="..\Code\Test\Ephemerides\Test_UranusPosition.h">
      <Filter>PDETest\Test\Ephemerides</Filter>
    </ClInclude>
    <ClInclude Include="..\..\PDE\Ephemerides\Saturn\SaturnVSOP87Model.h">
      <Filter>PDE\Ephemerides\Saturn</Filter>
    </ClInclude>
    <ClInclude Include="..\Code\Test\Ephemerides\Test_NeptunePosition.h">
      <Filter>PDETest\Test\Ephemerides</Filter>
    </ClInclude>
    <ClInclude Include="..\..\PDE\Ephemerides\Uranus\UranusVSOP87Model.h">
      <Filter>PDE\Ephemerides\Uranus</Filter>
    </ClInclude>
    <ClInclude Include="..\Code\Test\Ephemerides\Test_EarthPosition.h">
      <Filter>PDETest\Test\Ephemerides</Filter>
    </ClInclude>
    <ClInclude Include="..\..\PDE\Ephemerides\Sun\SunVSOP87Model.h">
      <Filter>PDE\Ephemerides\Sun</Filter>
    </ClInclude>
    <ClInclude Include="..\Code\Test\Ephemerides\Test_SunPosition.h">
      <Filter>PDETest\Test\Ephemerides</Filter>
    </ClInclude>
    <ClInclude Include="..\Code\Test\Ephemerides\Test_MercuryPosition.h">
      <Filter>PDETest\Test\Ephemerides</Filter>
    </ClInclude>
    <ClInclude Include="..\..\PDE\Ephemerides\Neptune\NeptuneVSOP87Model.h">
      <Filter>PDE\Ephemerides\Neptune</Filter>
    </ClInclude>
    <ClInclude Include="..\..\PDE\Time\ProfileTimer.h">
      <Filter>PDE\Time</Filter>
    </ClInclude>
    <ClInclude Include="..\..\PDE\Maths\PDEMaths.h">
      <Filter>PDE\Maths</Filter>
    </ClInclude>
    <ClInclude Include="..\..\PDE\Maths\PDEMathsOperator.h">
      <Filter>PDE\Maths</Filter>
    </ClInclude>
    <ClInclude Include="..\..\PDE\Maths\PDEMatrix.h">
      <Filter>PDE\Maths</Filter>
    </ClInclude>
    <ClInclude Include="..\..\PDE\Maths\PDEVector.h">
      <Filter>PDE\Maths</Filter>
    </ClInclude>
    <ClInclude Include="..\..\PDE\Debug\PDEAssert.h">
      <Filter>PDE\Debug</Filter>
    </ClInclude>
    <ClInclude Include="..\..\PDE\Debug\PDETrace.h">
      <Filter>PDE\Debug</Filter>
    </ClInclude>
  </ItemGroup>
</Project>